
Microsoft Visual Studio Solution File, Format Version 12.00
# Visual Studio 2012
Project("{FAE04EC0-301F-11D3-BF4B-00C04F79EFBC}") = "MvcEarthquakeMap", "MvcEarthquakeMap\MvcEarthquakeMap.csproj", "{91D54E83-0148-49E5-93CA-61C64CA99E74}"
EndProject
Global
	GlobalSection(SolutionConfigurationPlatforms) = preSolution
		Debug|Any CPU = Debug|Any CPU
		Release|Any CPU = Release|Any CPU
	EndGlobalSection
	GlobalSection(ProjectConfigurationPlatforms) = postSolution
		{91D54E83-0148-49E5-93CA-61C64CA99E74}.Debug|Any CPU.ActiveCfg = Debug|Any CPU
		{91D54E83-0148-49E5-93CA-61C64CA99E74}.Debug|Any CPU.Build.0 = Debug|Any CPU
		{91D54E83-0148-49E5-93CA-61C64CA99E74}.Release|Any CPU.ActiveCfg = Release|Any CPU
		{91D54E83-0148-49E5-93CA-61C64CA99E74}.Release|Any CPU.Build.0 = Release|Any CPU
	EndGlobalSection
	GlobalSection(SolutionProperties) = preSolution
		HideSolutionNode = FALSE
	EndGlobalSection
EndGlobal
