
Microsoft Visual Studio Solution File, Format Version 12.00
# Visual Studio 2012
Project("{FAE04EC0-301F-11D3-BF4B-00C04F79EFBC}") = "MvcBingMapsModules", "MvcBingMapsModules\MvcBingMapsModules.csproj", "{88DC49F5-4C42-4374-9FDF-3200351CB350}"
EndProject
Global
	GlobalSection(SolutionConfigurationPlatforms) = preSolution
		Debug|Any CPU = Debug|Any CPU
		Release|Any CPU = Release|Any CPU
	EndGlobalSection
	GlobalSection(ProjectConfigurationPlatforms) = postSolution
		{88DC49F5-4C42-4374-9FDF-3200351CB350}.Debug|Any CPU.ActiveCfg = Debug|Any CPU
		{88DC49F5-4C42-4374-9FDF-3200351CB350}.Debug|Any CPU.Build.0 = Debug|Any CPU
		{88DC49F5-4C42-4374-9FDF-3200351CB350}.Release|Any CPU.ActiveCfg = Release|Any CPU
		{88DC49F5-4C42-4374-9FDF-3200351CB350}.Release|Any CPU.Build.0 = Release|Any CPU
	EndGlobalSection
	GlobalSection(SolutionProperties) = preSolution
		HideSolutionNode = FALSE
	EndGlobalSection
EndGlobal
