
Microsoft Visual Studio Solution File, Format Version 12.00
# Visual Studio 2012
Project("{FAE04EC0-301F-11D3-BF4B-00C04F79EFBC}") = "WPFHelloMap", "WPFHelloMap\WPFHelloMap.csproj", "{FBCD0381-4E56-479A-BA26-5738F2F12655}"
EndProject
Global
	GlobalSection(SolutionConfigurationPlatforms) = preSolution
		Debug|Any CPU = Debug|Any CPU
		Release|Any CPU = Release|Any CPU
	EndGlobalSection
	GlobalSection(ProjectConfigurationPlatforms) = postSolution
		{FBCD0381-4E56-479A-BA26-5738F2F12655}.Debug|Any CPU.ActiveCfg = Debug|Any CPU
		{FBCD0381-4E56-479A-BA26-5738F2F12655}.Debug|Any CPU.Build.0 = Debug|Any CPU
		{FBCD0381-4E56-479A-BA26-5738F2F12655}.Release|Any CPU.ActiveCfg = Release|Any CPU
		{FBCD0381-4E56-479A-BA26-5738F2F12655}.Release|Any CPU.Build.0 = Release|Any CPU
	EndGlobalSection
	GlobalSection(SolutionProperties) = preSolution
		HideSolutionNode = FALSE
	EndGlobalSection
EndGlobal
